// !$*UTF8*$!
{
	archiveVersion = 1;
	classes = {
	};
	objectVersion = 46;
	objects = {

/* Begin PBXBuildFile section */
		48C485C916EA2DBA00243BEF /* UIKit.framework in Frameworks */ = {isa = PBXBuildFile; fileRef = 48C485C816EA2DBA00243BEF /* UIKit.framework */; };
		48C485CB16EA2DBA00243BEF /* Foundation.framework in Frameworks */ = {isa = PBXBuildFile; fileRef = 48C485CA16EA2DBA00243BEF /* Foundation.framework */; };
		48C485CD16EA2DBA00243BEF /* CoreGraphics.framework in Frameworks */ = {isa = PBXBuildFile; fileRef = 48C485CC16EA2DBA00243BEF /* CoreGraphics.framework */; };
		48C485D316EA2DBA00243BEF /* InfoPlist.strings in Resources */ = {isa = PBXBuildFile; fileRef = 48C485D116EA2DBA00243BEF /* InfoPlist.strings */; };
		48C485D516EA2DBA00243BEF /* main.m in Sources */ = {isa = PBXBuildFile; fileRef = 48C485D416EA2DBA00243BEF /* main.m */; };
		48C485D916EA2DBA00243BEF /* FlickrFetcherAppDelegate.m in Sources */ = {isa = PBXBuildFile; fileRef = 48C485D816EA2DBA00243BEF /* FlickrFetcherAppDelegate.m */; };
		48C485DB16EA2DBA00243BEF /* Default.png in Resources */ = {isa = PBXBuildFile; fileRef = 48C485DA16EA2DBA00243BEF /* Default.png */; };
		48C485DD16EA2DBA00243BEF /* Default@2x.png in Resources */ = {isa = PBXBuildFile; fileRef = 48C485DC16EA2DBA00243BEF /* Default@2x.png */; };
		48C485DF16EA2DBA00243BEF /* Default-568h@2x.png in Resources */ = {isa = PBXBuildFile; fileRef = 48C485DE16EA2DBA00243BEF /* Default-568h@2x.png */; };
		48C485E216EA2DBA00243BEF /* MainStoryboard_iPhone.storyboard in Resources */ = {isa = PBXBuildFile; fileRef = 48C485E016EA2DBA00243BEF /* MainStoryboard_iPhone.storyboard */; };
		48C485E516EA2DBA00243BEF /* MainStoryboard_iPad.storyboard in Resources */ = {isa = PBXBuildFile; fileRef = 48C485E316EA2DBA00243BEF /* MainStoryboard_iPad.storyboard */; };
		48C485E816EA2DBA00243BEF /* FlickrFetcherViewController.m in Sources */ = {isa = PBXBuildFile; fileRef = 48C485E716EA2DBA00243BEF /* FlickrFetcherViewController.m */; };
/* End PBXBuildFile section */

/* Begin PBXFileReference section */
		48C485C516EA2DBA00243BEF /* FlickrFetcher.app */ = {isa = PBXFileReference; explicitFileType = wrapper.application; includeInIndex = 0; path = FlickrFetcher.app; sourceTree = BUILT_PRODUCTS_DIR; };
		48C485C816EA2DBA00243BEF /* UIKit.framework */ = {isa = PBXFileReference; lastKnownFileType = wrapper.framework; name = UIKit.framework; path = System/Library/Frameworks/UIKit.framework; sourceTree = SDKROOT; };
		48C485CA16EA2DBA00243BEF /* Foundation.framework */ = {isa = PBXFileReference; lastKnownFileType = wrapper.framework; name = Foundation.framework; path = System/Library/Frameworks/Foundation.framework; sourceTree = SDKROOT; };
		48C485CC16EA2DBA00243BEF /* CoreGraphics.framework */ = {isa = PBXFileReference; lastKnownFileType = wrapper.framework; name = CoreGraphics.framework; path = System/Library/Frameworks/CoreGraphics.framework; sourceTree = SDKROOT; };
		48C485D016EA2DBA00243BEF /* FlickrFetcher-Info.plist */ = {isa = PBXFileReference; lastKnownFileType = text.plist.xml; path = "FlickrFetcher-Info.plist"; sourceTree = "<group>"; };
		48C485D216EA2DBA00243BEF /* en */ = {isa = PBXFileReference; lastKnownFileType = text.plist.strings; name = en; path = en.lproj/InfoPlist.strings; sourceTree = "<group>"; };
		48C485D416EA2DBA00243BEF /* main.m */ = {isa = PBXFileReference; lastKnownFileType = sourcecode.c.objc; path = main.m; sourceTree = "<group>"; };
		48C485D616EA2DBA00243BEF /* FlickrFetcher-Prefix.pch */ = {isa = PBXFileReference; lastKnownFileType = sourcecode.c.h; path = "FlickrFetcher-Prefix.pch"; sourceTree = "<group>"; };
		48C485D716EA2DBA00243BEF /* FlickrFetcherAppDelegate.h */ = {isa = PBXFileReference; lastKnownFileType = sourcecode.c.h; path = FlickrFetcherAppDelegate.h; sourceTree = "<group>"; };
		48C485D816EA2DBA00243BEF /* FlickrFetcherAppDelegate.m */ = {isa = PBXFileReference; lastKnownFileType = sourcecode.c.objc; path = FlickrFetcherAppDelegate.m; sourceTree = "<group>"; };
		48C485DA16EA2DBA00243BEF /* Default.png */ = {isa = PBXFileReference; lastKnownFileType = image.png; path = Default.png; sourceTree = "<group>"; };
		48C485DC16EA2DBA00243BEF /* Default@2x.png */ = {isa = PBXFileReference; lastKnownFileType = image.png; path = "Default@2x.png"; sourceTree = "<group>"; };
		48C485DE16EA2DBA00243BEF /* Default-568h@2x.png */ = {isa = PBXFileReference; lastKnownFileType = image.png; path = "Default-568h@2x.png"; sourceTree = "<group>"; };
		48C485E116EA2DBA00243BEF /* en */ = {isa = PBXFileReference; lastKnownFileType = file.storyboard; name = en; path = en.lproj/MainStoryboard_iPhone.storyboard; sourceTree = "<group>"; };
		48C485E416EA2DBA00243BEF /* en */ = {isa = PBXFileReference; lastKnownFileType = file.storyboard; name = en; path = en.lproj/MainStoryboard_iPad.storyboard; sourceTree = "<group>"; };
		48C485E616EA2DBA00243BEF /* FlickrFetcherViewController.h */ = {isa = PBXFileReference; lastKnownFileType = sourcecode.c.h; path = FlickrFetcherViewController.h; sourceTree = "<group>"; };
		48C485E716EA2DBA00243BEF /* FlickrFetcherViewController.m */ = {isa = PBXFileReference; lastKnownFileType = sourcecode.c.objc; path = FlickrFetcherViewController.m; sourceTree = "<group>"; };
/* End PBXFileReference section */

/* Begin PBXFrameworksBuildPhase section */
		48C485C216EA2DBA00243BEF /* Frameworks */ = {
			isa = PBXFrameworksBuildPhase;
			buildActionMask = 2147483647;
			files = (
				48C485C916EA2DBA00243BEF /* UIKit.framework in Frameworks */,
				48C485CB16EA2DBA00243BEF /* Foundation.framework in Frameworks */,
				48C485CD16EA2DBA00243BEF /* CoreGraphics.framework in Frameworks */,
			);
			runOnlyForDeploymentPostprocessing = 0;
		};
/* End PBXFrameworksBuildPhase section */

/* Begin PBXGroup section */
		48C485BC16EA2DBA00243BEF = {
			isa = PBXGroup;
			children = (
				48C485CE16EA2DBA00243BEF /* FlickrFetcher */,
				48C485C716EA2DBA00243BEF /* Frameworks */,
				48C485C616EA2DBA00243BEF /* Products */,
			);
			sourceTree = "<group>";
		};
		48C485C616EA2DBA00243BEF /* Products */ = {
			isa = PBXGroup;
			children = (
				48C485C516EA2DBA00243BEF /* FlickrFetcher.app */,
			);
			name = Products;
			sourceTree = "<group>";
		};
		48C485C716EA2DBA00243BEF /* Frameworks */ = {
			isa = PBXGroup;
			children = (
				48C485C816EA2DBA00243BEF /* UIKit.framework */,
				48C485CA16EA2DBA00243BEF /* Foundation.framework */,
				48C485CC16EA2DBA00243BEF /* CoreGraphics.framework */,
			);
			name = Frameworks;
			sourceTree = "<group>";
		};
		48C485CE16EA2DBA00243BEF /* FlickrFetcher */ = {
			isa = PBXGroup;
			children = (
				48C485D716EA2DBA00243BEF /* FlickrFetcherAppDelegate.h */,
				48C485D816EA2DBA00243BEF /* FlickrFetcherAppDelegate.m */,
				48C485E016EA2DBA00243BEF /* MainStoryboard_iPhone.storyboard */,
				48C485E316EA2DBA00243BEF /* MainStoryboard_iPad.storyboard */,
				48C485E616EA2DBA00243BEF /* FlickrFetcherViewController.h */,
				48C485E716EA2DBA00243BEF /* FlickrFetcherViewController.m */,
				48C485CF16EA2DBA00243BEF /* Supporting Files */,
			);
			path = FlickrFetcher;
			sourceTree = "<group>";
		};
		48C485CF16EA2DBA00243BEF /* Supporting Files */ = {
			isa = PBXGroup;
			children = (
				48C485D016EA2DBA00243BEF /* FlickrFetcher-Info.plist */,
				48C485D116EA2DBA00243BEF /* InfoPlist.strings */,
				48C485D416EA2DBA00243BEF /* main.m */,
				48C485D616EA2DBA00243BEF /* FlickrFetcher-Prefix.pch */,
				48C485DA16EA2DBA00243BEF /* Default.png */,
				48C485DC16EA2DBA00243BEF /* Default@2x.png */,
				48C485DE16EA2DBA00243BEF /* Default-568h@2x.png */,
			);
			name = "Supporting Files";
			sourceTree = "<group>";
		};
/* End PBXGroup section */

/* Begin PBXNativeTarget section */
		48C485C416EA2DBA00243BEF /* FlickrFetcher */ = {
			isa = PBXNativeTarget;
			buildConfigurationList = 48C485EB16EA2DBA00243BEF /* Build configuration list for PBXNativeTarget "FlickrFetcher" */;
			buildPhases = (
				48C485C116EA2DBA00243BEF /* Sources */,
				48C485C216EA2DBA00243BEF /* Frameworks */,
				48C485C316EA2DBA00243BEF /* Resources */,
			);
			buildRules = (
			);
			dependencies = (
			);
			name = FlickrFetcher;
			productName = FlickrFetcher;
			productReference = 48C485C516EA2DBA00243BEF /* FlickrFetcher.app */;
			productType = "com.apple.product-type.application";
		};
/* End PBXNativeTarget section */

/* Begin PBXProject section */
		48C485BD16EA2DBA00243BEF /* Project object */ = {
			isa = PBXProject;
			attributes = {
				CLASSPREFIX = FlickrFetcher;
				LastUpgradeCheck = 0460;
				ORGANIZATIONNAME = SunnyUp;
			};
			buildConfigurationList = 48C485C016EA2DBA00243BEF /* Build configuration list for PBXProject "FlickrFetcher" */;
			compatibilityVersion = "Xcode 3.2";
			developmentRegion = English;
			hasScannedForEncodings = 0;
			knownRegions = (
				en,
			);
			mainGroup = 48C485BC16EA2DBA00243BEF;
			productRefGroup = 48C485C616EA2DBA00243BEF /* Products */;
			projectDirPath = "";
			projectRoot = "";
			targets = (
				48C485C416EA2DBA00243BEF /* FlickrFetcher */,
			);
		};
/* End PBXProject section */

/* Begin PBXResourcesBuildPhase section */
		48C485C316EA2DBA00243BEF /* Resources */ = {
			isa = PBXResourcesBuildPhase;
			buildActionMask = 2147483647;
			files = (
				48C485D316EA2DBA00243BEF /* InfoPlist.strings in Resources */,
				48C485DB16EA2DBA00243BEF /* Default.png in Resources */,
				48C485DD16EA2DBA00243BEF /* Default@2x.png in Resources */,
				48C485DF16EA2DBA00243BEF /* Default-568h@2x.png in Resources */,
				48C485E216EA2DBA00243BEF /* MainStoryboard_iPhone.storyboard in Resources */,
				48C485E516EA2DBA00243BEF /* MainStoryboard_iPad.storyboard in Resources */,
			);
			runOnlyForDeploymentPostprocessing = 0;
		};
/* End PBXResourcesBuildPhase section */

/* Begin PBXSourcesBuildPhase section */
		48C485C116EA2DBA00243BEF /* Sources */ = {
			isa = PBXSourcesBuildPhase;
			buildActionMask = 2147483647;
			files = (
				48C485D516EA2DBA00243BEF /* main.m in Sources */,
				48C485D916EA2DBA00243BEF /* FlickrFetcherAppDelegate.m in Sources */,
				48C485E816EA2DBA00243BEF /* FlickrFetcherViewController.m in Sources */,
			);
			runOnlyForDeploymentPostprocessing = 0;
		};
/* End PBXSourcesBuildPhase section */

/* Begin PBXVariantGroup section */
		48C485D116EA2DBA00243BEF /* InfoPlist.strings */ = {
			isa = PBXVariantGroup;
			children = (
				48C485D216EA2DBA00243BEF /* en */,
			);
			name = InfoPlist.strings;
			sourceTree = "<group>";
		};
		48C485E016EA2DBA00243BEF /* MainStoryboard_iPhone.storyboard */ = {
			isa = PBXVariantGroup;
			children = (
				48C485E116EA2DBA00243BEF /* en */,
			);
			name = MainStoryboard_iPhone.storyboard;
			sourceTree = "<group>";
		};
		48C485E316EA2DBA00243BEF /* MainStoryboard_iPad.storyboard */ = {
			isa = PBXVariantGroup;
			children = (
				48C485E416EA2DBA00243BEF /* en */,
			);
			name = MainStoryboard_iPad.storyboard;
			sourceTree = "<group>";
		};
/* End PBXVariantGroup section */

/* Begin XCBuildConfiguration section */
		48C485E916EA2DBA00243BEF /* Debug */ = {
			isa = XCBuildConfiguration;
			buildSettings = {
				ALWAYS_SEARCH_USER_PATHS = NO;
				CLANG_CXX_LANGUAGE_STANDARD = "gnu++0x";
				CLANG_CXX_LIBRARY = "libc++";
				CLANG_ENABLE_OBJC_ARC = YES;
				CLANG_WARN_CONSTANT_CONVERSION = YES;
				CLANG_WARN_EMPTY_BODY = YES;
				CLANG_WARN_ENUM_CONVERSION = YES;
				CLANG_WARN_INT_CONVERSION = YES;
				CLANG_WARN__DUPLICATE_METHOD_MATCH = YES;
				"CODE_SIGN_IDENTITY[sdk=iphoneos*]" = "iPhone Developer";
				COPY_PHASE_STRIP = NO;
				GCC_C_LANGUAGE_STANDARD = gnu99;
				GCC_DYNAMIC_NO_PIC = NO;
				GCC_OPTIMIZATION_LEVEL = 0;
				GCC_PREPROCESSOR_DEFINITIONS = (
					"DEBUG=1",
					"$(inherited)",
				);
				GCC_SYMBOLS_PRIVATE_EXTERN = NO;
				GCC_WARN_ABOUT_RETURN_TYPE = YES;
				GCC_WARN_UNINITIALIZED_AUTOS = YES;
				GCC_WARN_UNUSED_VARIABLE = YES;
				IPHONEOS_DEPLOYMENT_TARGET = 6.1;
				ONLY_ACTIVE_ARCH = YES;
				SDKROOT = iphoneos;
				TARGETED_DEVICE_FAMILY = "1,2";
			};
			name = Debug;
		};
		48C485EA16EA2DBA00243BEF /* Release */ = {
			isa = XCBuildConfiguration;
			buildSettings = {
				ALWAYS_SEARCH_USER_PATHS = NO;
				CLANG_CXX_LANGUAGE_STANDARD = "gnu++0x";
				CLANG_CXX_LIBRARY = "libc++";
				CLANG_ENABLE_OBJC_ARC = YES;
				CLANG_WARN_CONSTANT_CONVERSION = YES;
				CLANG_WARN_EMPTY_BODY = YES;
				CLANG_WARN_ENUM_CONVERSION = YES;
				CLANG_WARN_INT_CONVERSION = YES;
				CLANG_WARN__DUPLICATE_METHOD_MATCH = YES;
				"CODE_SIGN_IDENTITY[sdk=iphoneos*]" = "iPhone Developer";
				COPY_PHASE_STRIP = YES;
				GCC_C_LANGUAGE_STANDARD = gnu99;
				GCC_WARN_ABOUT_RETURN_TYPE = YES;
				GCC_WARN_UNINITIALIZED_AUTOS = YES;
				GCC_WARN_UNUSED_VARIABLE = YES;
				IPHONEOS_DEPLOYMENT_TARGET = 6.1;
				OTHER_CFLAGS = "-DNS_BLOCK_ASSERTIONS=1";
				SDKROOT = iphoneos;
				TARGETED_DEVICE_FAMILY = "1,2";
				VALIDATE_PRODUCT = YES;
			};
			name = Release;
		};
		48C485EC16EA2DBA00243BEF /* Debug */ = {
			isa = XCBuildConfiguration;
			buildSettings = {
				GCC_PRECOMPILE_PREFIX_HEADER = YES;
				GCC_PREFIX_HEADER = "FlickrFetcher/FlickrFetcher-Prefix.pch";
				INFOPLIST_FILE = "FlickrFetcher/FlickrFetcher-Info.plist";
				PRODUCT_NAME = "$(TARGET_NAME)";
				WRAPPER_EXTENSION = app;
			};
			name = Debug;
		};
		48C485ED16EA2DBA00243BEF /* Release */ = {
			isa = XCBuildConfiguration;
			buildSettings = {
				GCC_PRECOMPILE_PREFIX_HEADER = YES;
				GCC_PREFIX_HEADER = "FlickrFetcher/FlickrFetcher-Prefix.pch";
				INFOPLIST_FILE = "FlickrFetcher/FlickrFetcher-Info.plist";
				PRODUCT_NAME = "$(TARGET_NAME)";
				WRAPPER_EXTENSION = app;
			};
			name = Release;
		};
/* End XCBuildConfiguration section */

/* Begin XCConfigurationList section */
		48C485C016EA2DBA00243BEF /* Build configuration list for PBXProject "FlickrFetcher" */ = {
			isa = XCConfigurationList;
			buildConfigurations = (
				48C485E916EA2DBA00243BEF /* Debug */,
				48C485EA16EA2DBA00243BEF /* Release */,
			);
			defaultConfigurationIsVisible = 0;
			defaultConfigurationName = Release;
		};
		48C485EB16EA2DBA00243BEF /* Build configuration list for PBXNativeTarget "FlickrFetcher" */ = {
			isa = XCConfigurationList;
			buildConfigurations = (
				48C485EC16EA2DBA00243BEF /* Debug */,
				48C485ED16EA2DBA00243BEF /* Release */,
			);
			defaultConfigurationIsVisible = 0;
		};
/* End XCConfigurationList section */
	};
	rootObject = 48C485BD16EA2DBA00243BEF /* Project object */;
}
